
Microsoft Visual Studio Solution File, Format Version 12.00
# Visual Studio Version 17
VisualStudioVersion = 17.12.35707.178 d17.12
MinimumVisualStudioVersion = 10.0.40219.1
Project("{F184B08F-C81C-45F6-A57F-5ABD9991F28F}") = "SiParkir", "SiParkir.vbproj", "{CD38A81B-FB88-4586-948D-9DFC166B40CE}"
EndProject
Project("{2150E333-8FDC-42A3-9474-1A3956D46DE8}") = "Solution Items", "Solution Items", "{7422A5F8-1B21-4092-8064-C3E1E1B427D1}"
EndProject
Global
	GlobalSection(SolutionConfigurationPlatforms) = preSolution
		Debug|Any CPU = Debug|Any CPU
		Release|Any CPU = Release|Any CPU
	EndGlobalSection
	GlobalSection(ProjectConfigurationPlatforms) = postSolution
		{CD38A81B-FB88-4586-948D-9DFC166B40CE}.Debug|Any CPU.ActiveCfg = Debug|Any CPU
		{CD38A81B-FB88-4586-948D-9DFC166B40CE}.Debug|Any CPU.Build.0 = Debug|Any CPU
		{CD38A81B-FB88-4586-948D-9DFC166B40CE}.Release|Any CPU.ActiveCfg = Release|Any CPU
		{CD38A81B-FB88-4586-948D-9DFC166B40CE}.Release|Any CPU.Build.0 = Release|Any CPU
	EndGlobalSection
	GlobalSection(SolutionProperties) = preSolution
		HideSolutionNode = FALSE
	EndGlobalSection
EndGlobal
